
Microsoft Visual Studio Solution File, Format Version 12.00
# Visual Studio 15
VisualStudioVersion = 15.0.28307.1800
MinimumVisualStudioVersion = 10.0.40219.1
Project("{FAE04EC0-301F-11D3-BF4B-00C04F79EFBC}") = "Final.net", "Final.net\Final.net.csproj", "{59540458-5156-4591-B6D5-C365830E53FC}"
EndProject
Global
	GlobalSection(SolutionConfigurationPlatforms) = preSolution
		Debug|Any CPU = Debug|Any CPU
		Release|Any CPU = Release|Any CPU
	EndGlobalSection
	GlobalSection(ProjectConfigurationPlatforms) = postSolution
		{59540458-5156-4591-B6D5-C365830E53FC}.Debug|Any CPU.ActiveCfg = Debug|Any CPU
		{59540458-5156-4591-B6D5-C365830E53FC}.Debug|Any CPU.Build.0 = Debug|Any CPU
		{59540458-5156-4591-B6D5-C365830E53FC}.Release|Any CPU.ActiveCfg = Release|Any CPU
		{59540458-5156-4591-B6D5-C365830E53FC}.Release|Any CPU.Build.0 = Release|Any CPU
	EndGlobalSection
	GlobalSection(SolutionProperties) = preSolution
		HideSolutionNode = FALSE
	EndGlobalSection
	GlobalSection(ExtensibilityGlobals) = postSolution
		SolutionGuid = {B0ED0951-B43B-4924-98E5-A0E14D926787}
	EndGlobalSection
EndGlobal
